// !$*UTF8*$!
{
	archiveVersion = 1;
	classes = {
	};
	objectVersion = 50;
	objects = {

/* Begin PBXBuildFile section */
		DED0F7372632766F00DE5E66 /* AppDelegate.swift in Sources */ = {isa = PBXBuildFile; fileRef = DED0F7362632766F00DE5E66 /* AppDelegate.swift */; };
		DED0F7392632766F00DE5E66 /* SceneDelegate.swift in Sources */ = {isa = PBXBuildFile; fileRef = DED0F7382632766F00DE5E66 /* SceneDelegate.swift */; };
		DED0F7402632767100DE5E66 /* Assets.xcassets in Resources */ = {isa = PBXBuildFile; fileRef = DED0F73F2632767100DE5E66 /* Assets.xcassets */; };
		DED0F7432632767100DE5E66 /* LaunchScreen.storyboard in Resources */ = {isa = PBXBuildFile; fileRef = DED0F7412632767100DE5E66 /* LaunchScreen.storyboard */; };
		DED0F7542632788200DE5E66 /* LoginView.swift in Sources */ = {isa = PBXBuildFile; fileRef = DED0F7532632788200DE5E66 /* LoginView.swift */; };
		DED0F757263278DA00DE5E66 /* LoginViewController.swift in Sources */ = {isa = PBXBuildFile; fileRef = DED0F756263278DA00DE5E66 /* LoginViewController.swift */; };
		DED0F75B263279B500DE5E66 /* LoginUseCase.swift in Sources */ = {isa = PBXBuildFile; fileRef = DED0F75A263279B500DE5E66 /* LoginUseCase.swift */; };
		DED0F75E26327B0400DE5E66 /* LoginPresenter.swift in Sources */ = {isa = PBXBuildFile; fileRef = DED0F75D26327B0400DE5E66 /* LoginPresenter.swift */; };
		DED0F76126327C2000DE5E66 /* FirebaseWrapper.swift in Sources */ = {isa = PBXBuildFile; fileRef = DED0F76026327C2000DE5E66 /* FirebaseWrapper.swift */; };
		DED0F76426327DD100DE5E66 /* FacebookWrapper.swift in Sources */ = {isa = PBXBuildFile; fileRef = DED0F76326327DD100DE5E66 /* FacebookWrapper.swift */; };
		DED0F76926327F6D00DE5E66 /* LoginUseCaseDelegateCompositor.swift in Sources */ = {isa = PBXBuildFile; fileRef = DED0F76826327F6D00DE5E66 /* LoginUseCaseDelegateCompositor.swift */; };
		DED0F76E263280D300DE5E66 /* LoginAssembler.swift in Sources */ = {isa = PBXBuildFile; fileRef = DED0F76D263280D300DE5E66 /* LoginAssembler.swift */; };
		DED0F772263283BA00DE5E66 /* LoginView.xib in Resources */ = {isa = PBXBuildFile; fileRef = DED0F771263283BA00DE5E66 /* LoginView.xib */; };
		DED0F7752632885100DE5E66 /* README.md in Resources */ = {isa = PBXBuildFile; fileRef = DED0F7742632885100DE5E66 /* README.md */; };
/* End PBXBuildFile section */

/* Begin PBXFileReference section */
		DED0F7332632766F00DE5E66 /* AnalyticsArchtecture.app */ = {isa = PBXFileReference; explicitFileType = wrapper.application; includeInIndex = 0; path = AnalyticsArchtecture.app; sourceTree = BUILT_PRODUCTS_DIR; };
		DED0F7362632766F00DE5E66 /* AppDelegate.swift */ = {isa = PBXFileReference; lastKnownFileType = sourcecode.swift; path = AppDelegate.swift; sourceTree = "<group>"; };
		DED0F7382632766F00DE5E66 /* SceneDelegate.swift */ = {isa = PBXFileReference; lastKnownFileType = sourcecode.swift; path = SceneDelegate.swift; sourceTree = "<group>"; };
		DED0F73F2632767100DE5E66 /* Assets.xcassets */ = {isa = PBXFileReference; lastKnownFileType = folder.assetcatalog; path = Assets.xcassets; sourceTree = "<group>"; };
		DED0F7422632767100DE5E66 /* Base */ = {isa = PBXFileReference; lastKnownFileType = file.storyboard; name = Base; path = Base.lproj/LaunchScreen.storyboard; sourceTree = "<group>"; };
		DED0F7442632767100DE5E66 /* Info.plist */ = {isa = PBXFileReference; lastKnownFileType = text.plist.xml; path = Info.plist; sourceTree = "<group>"; };
		DED0F7532632788200DE5E66 /* LoginView.swift */ = {isa = PBXFileReference; lastKnownFileType = sourcecode.swift; path = LoginView.swift; sourceTree = "<group>"; };
		DED0F756263278DA00DE5E66 /* LoginViewController.swift */ = {isa = PBXFileReference; lastKnownFileType = sourcecode.swift; path = LoginViewController.swift; sourceTree = "<group>"; };
		DED0F75A263279B500DE5E66 /* LoginUseCase.swift */ = {isa = PBXFileReference; lastKnownFileType = sourcecode.swift; path = LoginUseCase.swift; sourceTree = "<group>"; };
		DED0F75D26327B0400DE5E66 /* LoginPresenter.swift */ = {isa = PBXFileReference; lastKnownFileType = sourcecode.swift; path = LoginPresenter.swift; sourceTree = "<group>"; };
		DED0F76026327C2000DE5E66 /* FirebaseWrapper.swift */ = {isa = PBXFileReference; lastKnownFileType = sourcecode.swift; path = FirebaseWrapper.swift; sourceTree = "<group>"; };
		DED0F76326327DD100DE5E66 /* FacebookWrapper.swift */ = {isa = PBXFileReference; lastKnownFileType = sourcecode.swift; path = FacebookWrapper.swift; sourceTree = "<group>"; };
		DED0F76826327F6D00DE5E66 /* LoginUseCaseDelegateCompositor.swift */ = {isa = PBXFileReference; lastKnownFileType = sourcecode.swift; path = LoginUseCaseDelegateCompositor.swift; sourceTree = "<group>"; };
		DED0F76D263280D300DE5E66 /* LoginAssembler.swift */ = {isa = PBXFileReference; lastKnownFileType = sourcecode.swift; path = LoginAssembler.swift; sourceTree = "<group>"; };
		DED0F771263283BA00DE5E66 /* LoginView.xib */ = {isa = PBXFileReference; lastKnownFileType = file.xib; path = LoginView.xib; sourceTree = "<group>"; };
		DED0F7742632885100DE5E66 /* README.md */ = {isa = PBXFileReference; lastKnownFileType = net.daringfireball.markdown; path = README.md; sourceTree = "<group>"; };
/* End PBXFileReference section */

/* Begin PBXFrameworksBuildPhase section */
		DED0F7302632766F00DE5E66 /* Frameworks */ = {
			isa = PBXFrameworksBuildPhase;
			buildActionMask = 2147483647;
			files = (
			);
			runOnlyForDeploymentPostprocessing = 0;
		};
/* End PBXFrameworksBuildPhase section */

/* Begin PBXGroup section */
		DED0F72A2632766F00DE5E66 = {
			isa = PBXGroup;
			children = (
				DED0F7352632766F00DE5E66 /* AnalyticsArchtecture */,
				DED0F7342632766F00DE5E66 /* Products */,
				DED0F7742632885100DE5E66 /* README.md */,
			);
			sourceTree = "<group>";
		};
		DED0F7342632766F00DE5E66 /* Products */ = {
			isa = PBXGroup;
			children = (
				DED0F7332632766F00DE5E66 /* AnalyticsArchtecture.app */,
			);
			name = Products;
			sourceTree = "<group>";
		};
		DED0F7352632766F00DE5E66 /* AnalyticsArchtecture */ = {
			isa = PBXGroup;
			children = (
				DED0F74B263276EE00DE5E66 /* Project */,
				DED0F74C263276F600DE5E66 /* Application */,
				DED0F74D2632770100DE5E66 /* Resources */,
			);
			path = AnalyticsArchtecture;
			sourceTree = "<group>";
		};
		DED0F74B263276EE00DE5E66 /* Project */ = {
			isa = PBXGroup;
			children = (
				DED0F7442632767100DE5E66 /* Info.plist */,
				DED0F7382632766F00DE5E66 /* SceneDelegate.swift */,
				DED0F7362632766F00DE5E66 /* AppDelegate.swift */,
			);
			path = Project;
			sourceTree = "<group>";
		};
		DED0F74C263276F600DE5E66 /* Application */ = {
			isa = PBXGroup;
			children = (
				DED0F7502632778300DE5E66 /* Main */,
				DED0F74F2632776900DE5E66 /* Analytics */,
				DED0F7512632778B00DE5E66 /* Features */,
			);
			path = Application;
			sourceTree = "<group>";
		};
		DED0F74D2632770100DE5E66 /* Resources */ = {
			isa = PBXGroup;
			children = (
				DED0F73F2632767100DE5E66 /* Assets.xcassets */,
				DED0F7412632767100DE5E66 /* LaunchScreen.storyboard */,
			);
			path = Resources;
			sourceTree = "<group>";
		};
		DED0F74F2632776900DE5E66 /* Analytics */ = {
			isa = PBXGroup;
			children = (
				DED0F76026327C2000DE5E66 /* FirebaseWrapper.swift */,
				DED0F76326327DD100DE5E66 /* FacebookWrapper.swift */,
			);
			path = Analytics;
			sourceTree = "<group>";
		};
		DED0F7502632778300DE5E66 /* Main */ = {
			isa = PBXGroup;
			children = (
				DED0F76726327F4E00DE5E66 /* Compositors */,
				DED0F76B263280B400DE5E66 /* Assemblers */,
			);
			path = Main;
			sourceTree = "<group>";
		};
		DED0F7512632778B00DE5E66 /* Features */ = {
			isa = PBXGroup;
			children = (
				DED0F7522632779E00DE5E66 /* Login */,
			);
			path = Features;
			sourceTree = "<group>";
		};
		DED0F7522632779E00DE5E66 /* Login */ = {
			isa = PBXGroup;
			children = (
				DED0F7532632788200DE5E66 /* LoginView.swift */,
				DED0F756263278DA00DE5E66 /* LoginViewController.swift */,
				DED0F75D26327B0400DE5E66 /* LoginPresenter.swift */,
				DED0F75A263279B500DE5E66 /* LoginUseCase.swift */,
				DED0F771263283BA00DE5E66 /* LoginView.xib */,
			);
			path = Login;
			sourceTree = "<group>";
		};
		DED0F76726327F4E00DE5E66 /* Compositors */ = {
			isa = PBXGroup;
			children = (
				DED0F76826327F6D00DE5E66 /* LoginUseCaseDelegateCompositor.swift */,
			);
			path = Compositors;
			sourceTree = "<group>";
		};
		DED0F76B263280B400DE5E66 /* Assemblers */ = {
			isa = PBXGroup;
			children = (
				DED0F76C263280C200DE5E66 /* Login */,
			);
			path = Assemblers;
			sourceTree = "<group>";
		};
		DED0F76C263280C200DE5E66 /* Login */ = {
			isa = PBXGroup;
			children = (
				DED0F76D263280D300DE5E66 /* LoginAssembler.swift */,
			);
			path = Login;
			sourceTree = "<group>";
		};
/* End PBXGroup section */

/* Begin PBXNativeTarget section */
		DED0F7322632766F00DE5E66 /* AnalyticsArchtecture */ = {
			isa = PBXNativeTarget;
			buildConfigurationList = DED0F7472632767100DE5E66 /* Build configuration list for PBXNativeTarget "AnalyticsArchtecture" */;
			buildPhases = (
				DED0F72F2632766F00DE5E66 /* Sources */,
				DED0F7302632766F00DE5E66 /* Frameworks */,
				DED0F7312632766F00DE5E66 /* Resources */,
			);
			buildRules = (
			);
			dependencies = (
			);
			name = AnalyticsArchtecture;
			productName = AnalyticsArchtecture;
			productReference = DED0F7332632766F00DE5E66 /* AnalyticsArchtecture.app */;
			productType = "com.apple.product-type.application";
		};
/* End PBXNativeTarget section */

/* Begin PBXProject section */
		DED0F72B2632766F00DE5E66 /* Project object */ = {
			isa = PBXProject;
			attributes = {
				LastSwiftUpdateCheck = 1230;
				LastUpgradeCheck = 1230;
				TargetAttributes = {
					DED0F7322632766F00DE5E66 = {
						CreatedOnToolsVersion = 12.3;
					};
				};
			};
			buildConfigurationList = DED0F72E2632766F00DE5E66 /* Build configuration list for PBXProject "AnalyticsArchtecture" */;
			compatibilityVersion = "Xcode 9.3";
			developmentRegion = en;
			hasScannedForEncodings = 0;
			knownRegions = (
				en,
				Base,
			);
			mainGroup = DED0F72A2632766F00DE5E66;
			productRefGroup = DED0F7342632766F00DE5E66 /* Products */;
			projectDirPath = "";
			projectRoot = "";
			targets = (
				DED0F7322632766F00DE5E66 /* AnalyticsArchtecture */,
			);
		};
/* End PBXProject section */

/* Begin PBXResourcesBuildPhase section */
		DED0F7312632766F00DE5E66 /* Resources */ = {
			isa = PBXResourcesBuildPhase;
			buildActionMask = 2147483647;
			files = (
				DED0F7432632767100DE5E66 /* LaunchScreen.storyboard in Resources */,
				DED0F7402632767100DE5E66 /* Assets.xcassets in Resources */,
				DED0F7752632885100DE5E66 /* README.md in Resources */,
				DED0F772263283BA00DE5E66 /* LoginView.xib in Resources */,
			);
			runOnlyForDeploymentPostprocessing = 0;
		};
/* End PBXResourcesBuildPhase section */

/* Begin PBXSourcesBuildPhase section */
		DED0F72F2632766F00DE5E66 /* Sources */ = {
			isa = PBXSourcesBuildPhase;
			buildActionMask = 2147483647;
			files = (
				DED0F7372632766F00DE5E66 /* AppDelegate.swift in Sources */,
				DED0F76926327F6D00DE5E66 /* LoginUseCaseDelegateCompositor.swift in Sources */,
				DED0F76426327DD100DE5E66 /* FacebookWrapper.swift in Sources */,
				DED0F76126327C2000DE5E66 /* FirebaseWrapper.swift in Sources */,
				DED0F76E263280D300DE5E66 /* LoginAssembler.swift in Sources */,
				DED0F75E26327B0400DE5E66 /* LoginPresenter.swift in Sources */,
				DED0F7542632788200DE5E66 /* LoginView.swift in Sources */,
				DED0F757263278DA00DE5E66 /* LoginViewController.swift in Sources */,
				DED0F7392632766F00DE5E66 /* SceneDelegate.swift in Sources */,
				DED0F75B263279B500DE5E66 /* LoginUseCase.swift in Sources */,
			);
			runOnlyForDeploymentPostprocessing = 0;
		};
/* End PBXSourcesBuildPhase section */

/* Begin PBXVariantGroup section */
		DED0F7412632767100DE5E66 /* LaunchScreen.storyboard */ = {
			isa = PBXVariantGroup;
			children = (
				DED0F7422632767100DE5E66 /* Base */,
			);
			name = LaunchScreen.storyboard;
			sourceTree = "<group>";
		};
/* End PBXVariantGroup section */

/* Begin XCBuildConfiguration section */
		DED0F7452632767100DE5E66 /* Debug */ = {
			isa = XCBuildConfiguration;
			buildSettings = {
				ALWAYS_SEARCH_USER_PATHS = NO;
				CLANG_ANALYZER_NONNULL = YES;
				CLANG_ANALYZER_NUMBER_OBJECT_CONVERSION = YES_AGGRESSIVE;
				CLANG_CXX_LANGUAGE_STANDARD = "gnu++14";
				CLANG_CXX_LIBRARY = "libc++";
				CLANG_ENABLE_MODULES = YES;
				CLANG_ENABLE_OBJC_ARC = YES;
				CLANG_ENABLE_OBJC_WEAK = YES;
				CLANG_WARN_BLOCK_CAPTURE_AUTORELEASING = YES;
				CLANG_WARN_BOOL_CONVERSION = YES;
				CLANG_WARN_COMMA = YES;
				CLANG_WARN_CONSTANT_CONVERSION = YES;
				CLANG_WARN_DEPRECATED_OBJC_IMPLEMENTATIONS = YES;
				CLANG_WARN_DIRECT_OBJC_ISA_USAGE = YES_ERROR;
				CLANG_WARN_DOCUMENTATION_COMMENTS = YES;
				CLANG_WARN_EMPTY_BODY = YES;
				CLANG_WARN_ENUM_CONVERSION = YES;
				CLANG_WARN_INFINITE_RECURSION = YES;
				CLANG_WARN_INT_CONVERSION = YES;
				CLANG_WARN_NON_LITERAL_NULL_CONVERSION = YES;
				CLANG_WARN_OBJC_IMPLICIT_RETAIN_SELF = YES;
				CLANG_WARN_OBJC_LITERAL_CONVERSION = YES;
				CLANG_WARN_OBJC_ROOT_CLASS = YES_ERROR;
				CLANG_WARN_QUOTED_INCLUDE_IN_FRAMEWORK_HEADER = YES;
				CLANG_WARN_RANGE_LOOP_ANALYSIS = YES;
				CLANG_WARN_STRICT_PROTOTYPES = YES;
				CLANG_WARN_SUSPICIOUS_MOVE = YES;
				CLANG_WARN_UNGUARDED_AVAILABILITY = YES_AGGRESSIVE;
				CLANG_WARN_UNREACHABLE_CODE = YES;
				CLANG_WARN__DUPLICATE_METHOD_MATCH = YES;
				COPY_PHASE_STRIP = NO;
				DEBUG_INFORMATION_FORMAT = dwarf;
				ENABLE_STRICT_OBJC_MSGSEND = YES;
				ENABLE_TESTABILITY = YES;
				GCC_C_LANGUAGE_STANDARD = gnu11;
				GCC_DYNAMIC_NO_PIC = NO;
				GCC_NO_COMMON_BLOCKS = YES;
				GCC_OPTIMIZATION_LEVEL = 0;
				GCC_PREPROCESSOR_DEFINITIONS = (
					"DEBUG=1",
					"$(inherited)",
				);
				GCC_WARN_64_TO_32_BIT_CONVERSION = YES;
				GCC_WARN_ABOUT_RETURN_TYPE = YES_ERROR;
				GCC_WARN_UNDECLARED_SELECTOR = YES;
				GCC_WARN_UNINITIALIZED_AUTOS = YES_AGGRESSIVE;
				GCC_WARN_UNUSED_FUNCTION = YES;
				GCC_WARN_UNUSED_VARIABLE = YES;
				IPHONEOS_DEPLOYMENT_TARGET = 14.3;
				MTL_ENABLE_DEBUG_INFO = INCLUDE_SOURCE;
				MTL_FAST_MATH = YES;
				ONLY_ACTIVE_ARCH = YES;
				SDKROOT = iphoneos;
				SWIFT_ACTIVE_COMPILATION_CONDITIONS = DEBUG;
				SWIFT_OPTIMIZATION_LEVEL = "-Onone";
			};
			name = Debug;
		};
		DED0F7462632767100DE5E66 /* Release */ = {
			isa = XCBuildConfiguration;
			buildSettings = {
				ALWAYS_SEARCH_USER_PATHS = NO;
				CLANG_ANALYZER_NONNULL = YES;
				CLANG_ANALYZER_NUMBER_OBJECT_CONVERSION = YES_AGGRESSIVE;
				CLANG_CXX_LANGUAGE_STANDARD = "gnu++14";
				CLANG_CXX_LIBRARY = "libc++";
				CLANG_ENABLE_MODULES = YES;
				CLANG_ENABLE_OBJC_ARC = YES;
				CLANG_ENABLE_OBJC_WEAK = YES;
				CLANG_WARN_BLOCK_CAPTURE_AUTORELEASING = YES;
				CLANG_WARN_BOOL_CONVERSION = YES;
				CLANG_WARN_COMMA = YES;
				CLANG_WARN_CONSTANT_CONVERSION = YES;
				CLANG_WARN_DEPRECATED_OBJC_IMPLEMENTATIONS = YES;
				CLANG_WARN_DIRECT_OBJC_ISA_USAGE = YES_ERROR;
				CLANG_WARN_DOCUMENTATION_COMMENTS = YES;
				CLANG_WARN_EMPTY_BODY = YES;
				CLANG_WARN_ENUM_CONVERSION = YES;
				CLANG_WARN_INFINITE_RECURSION = YES;
				CLANG_WARN_INT_CONVERSION = YES;
				CLANG_WARN_NON_LITERAL_NULL_CONVERSION = YES;
				CLANG_WARN_OBJC_IMPLICIT_RETAIN_SELF = YES;
				CLANG_WARN_OBJC_LITERAL_CONVERSION = YES;
				CLANG_WARN_OBJC_ROOT_CLASS = YES_ERROR;
				CLANG_WARN_QUOTED_INCLUDE_IN_FRAMEWORK_HEADER = YES;
				CLANG_WARN_RANGE_LOOP_ANALYSIS = YES;
				CLANG_WARN_STRICT_PROTOTYPES = YES;
				CLANG_WARN_SUSPICIOUS_MOVE = YES;
				CLANG_WARN_UNGUARDED_AVAILABILITY = YES_AGGRESSIVE;
				CLANG_WARN_UNREACHABLE_CODE = YES;
				CLANG_WARN__DUPLICATE_METHOD_MATCH = YES;
				COPY_PHASE_STRIP = NO;
				DEBUG_INFORMATION_FORMAT = "dwarf-with-dsym";
				ENABLE_NS_ASSERTIONS = NO;
				ENABLE_STRICT_OBJC_MSGSEND = YES;
				GCC_C_LANGUAGE_STANDARD = gnu11;
				GCC_NO_COMMON_BLOCKS = YES;
				GCC_WARN_64_TO_32_BIT_CONVERSION = YES;
				GCC_WARN_ABOUT_RETURN_TYPE = YES_ERROR;
				GCC_WARN_UNDECLARED_SELECTOR = YES;
				GCC_WARN_UNINITIALIZED_AUTOS = YES_AGGRESSIVE;
				GCC_WARN_UNUSED_FUNCTION = YES;
				GCC_WARN_UNUSED_VARIABLE = YES;
				IPHONEOS_DEPLOYMENT_TARGET = 14.3;
				MTL_ENABLE_DEBUG_INFO = NO;
				MTL_FAST_MATH = YES;
				SDKROOT = iphoneos;
				SWIFT_COMPILATION_MODE = wholemodule;
				SWIFT_OPTIMIZATION_LEVEL = "-O";
				VALIDATE_PRODUCT = YES;
			};
			name = Release;
		};
		DED0F7482632767100DE5E66 /* Debug */ = {
			isa = XCBuildConfiguration;
			buildSettings = {
				ASSETCATALOG_COMPILER_APPICON_NAME = AppIcon;
				ASSETCATALOG_COMPILER_GLOBAL_ACCENT_COLOR_NAME = AccentColor;
				CODE_SIGN_STYLE = Automatic;
				INFOPLIST_FILE = AnalyticsArchtecture/Project/Info.plist;
				LD_RUNPATH_SEARCH_PATHS = (
					"$(inherited)",
					"@executable_path/Frameworks",
				);
				PRODUCT_BUNDLE_IDENTIFIER = com.renan.analyticsarchitecture.AnalyticsArchtecture;
				PRODUCT_NAME = "$(TARGET_NAME)";
				SWIFT_VERSION = 5.0;
				TARGETED_DEVICE_FAMILY = "1,2";
			};
			name = Debug;
		};
		DED0F7492632767100DE5E66 /* Release */ = {
			isa = XCBuildConfiguration;
			buildSettings = {
				ASSETCATALOG_COMPILER_APPICON_NAME = AppIcon;
				ASSETCATALOG_COMPILER_GLOBAL_ACCENT_COLOR_NAME = AccentColor;
				CODE_SIGN_STYLE = Automatic;
				INFOPLIST_FILE = AnalyticsArchtecture/Project/Info.plist;
				LD_RUNPATH_SEARCH_PATHS = (
					"$(inherited)",
					"@executable_path/Frameworks",
				);
				PRODUCT_BUNDLE_IDENTIFIER = com.renan.analyticsarchitecture.AnalyticsArchtecture;
				PRODUCT_NAME = "$(TARGET_NAME)";
				SWIFT_VERSION = 5.0;
				TARGETED_DEVICE_FAMILY = "1,2";
			};
			name = Release;
		};
/* End XCBuildConfiguration section */

/* Begin XCConfigurationList section */
		DED0F72E2632766F00DE5E66 /* Build configuration list for PBXProject "AnalyticsArchtecture" */ = {
			isa = XCConfigurationList;
			buildConfigurations = (
				DED0F7452632767100DE5E66 /* Debug */,
				DED0F7462632767100DE5E66 /* Release */,
			);
			defaultConfigurationIsVisible = 0;
			defaultConfigurationName = Release;
		};
		DED0F7472632767100DE5E66 /* Build configuration list for PBXNativeTarget "AnalyticsArchtecture" */ = {
			isa = XCConfigurationList;
			buildConfigurations = (
				DED0F7482632767100DE5E66 /* Debug */,
				DED0F7492632767100DE5E66 /* Release */,
			);
			defaultConfigurationIsVisible = 0;
			defaultConfigurationName = Release;
		};
/* End XCConfigurationList section */
	};
	rootObject = DED0F72B2632766F00DE5E66 /* Project object */;
}
